
Microsoft Visual Studio Solution File, Format Version 12.00
# Visual Studio Version 17
VisualStudioVersion = 17.14.36518.9 d17.14
MinimumVisualStudioVersion = 10.0.40219.1
Project("{FAE04EC0-301F-11D3-BF4B-00C04F79EFBC}") = "(DRAFT) OOP 2 FINAL PROJECT", "(DRAFT) OOP 2 FINAL PROJECT.csproj", "{079EFBAC-482F-45D0-903C-FBDAEF4F384E}"
EndProject
Global
	GlobalSection(SolutionConfigurationPlatforms) = preSolution
		Debug|Any CPU = Debug|Any CPU
		Release|Any CPU = Release|Any CPU
	EndGlobalSection
	GlobalSection(ProjectConfigurationPlatforms) = postSolution
		{079EFBAC-482F-45D0-903C-FBDAEF4F384E}.Debug|Any CPU.ActiveCfg = Debug|Any CPU
		{079EFBAC-482F-45D0-903C-FBDAEF4F384E}.Debug|Any CPU.Build.0 = Debug|Any CPU
		{079EFBAC-482F-45D0-903C-FBDAEF4F384E}.Release|Any CPU.ActiveCfg = Release|Any CPU
		{079EFBAC-482F-45D0-903C-FBDAEF4F384E}.Release|Any CPU.Build.0 = Release|Any CPU
	EndGlobalSection
	GlobalSection(SolutionProperties) = preSolution
		HideSolutionNode = FALSE
	EndGlobalSection
	GlobalSection(ExtensibilityGlobals) = postSolution
		SolutionGuid = {16AF69E6-C659-43B0-A1B5-0D8F070039D3}
	EndGlobalSection
EndGlobal
